
Microsoft Visual Studio Solution File, Format Version 12.00
# Visual Studio 2013
VisualStudioVersion = 12.0.31101.0
MinimumVisualStudioVersion = 10.0.40219.1
Project("{FAE04EC0-301F-11D3-BF4B-00C04F79EFBC}") = "01_CommonTypeSystem", "01_CommonTypeSystem\01_CommonTypeSystem.csproj", "{2E619080-10E2-4A6A-8C21-584A8AAF84D1}"
EndProject
Project("{FAE04EC0-301F-11D3-BF4B-00C04F79EFBC}") = "02_StringDisperser", "02_StringDisperser\02_StringDisperser.csproj", "{A06C9DA6-F7CB-45EF-A2C1-F117F48DBD7A}"
EndProject
Global
	GlobalSection(TeamFoundationVersionControl) = preSolution
		SccNumberOfProjects = 3
		SccEnterpriseProvider = {4CA58AB2-18FA-4F8D-95D4-32DDF27D184C}
		SccTeamFoundationServer = https://borislavtotev.visualstudio.com/defaultcollection
		SccLocalPath0 = .
		SccProjectUniqueName1 = 01_CommonTypeSystem\\01_CommonTypeSystem.csproj
		SccProjectName1 = 01_CommonTypeSystem
		SccLocalPath1 = 01_CommonTypeSystem
		SccProjectUniqueName2 = 02_StringDisperser\\02_StringDisperser.csproj
		SccProjectName2 = 02_StringDisperser
		SccLocalPath2 = 02_StringDisperser
	EndGlobalSection
	GlobalSection(SolutionConfigurationPlatforms) = preSolution
		Debug|Any CPU = Debug|Any CPU
		Release|Any CPU = Release|Any CPU
	EndGlobalSection
	GlobalSection(ProjectConfigurationPlatforms) = postSolution
		{2E619080-10E2-4A6A-8C21-584A8AAF84D1}.Debug|Any CPU.ActiveCfg = Debug|Any CPU
		{2E619080-10E2-4A6A-8C21-584A8AAF84D1}.Debug|Any CPU.Build.0 = Debug|Any CPU
		{2E619080-10E2-4A6A-8C21-584A8AAF84D1}.Release|Any CPU.ActiveCfg = Release|Any CPU
		{2E619080-10E2-4A6A-8C21-584A8AAF84D1}.Release|Any CPU.Build.0 = Release|Any CPU
		{A06C9DA6-F7CB-45EF-A2C1-F117F48DBD7A}.Debug|Any CPU.ActiveCfg = Debug|Any CPU
		{A06C9DA6-F7CB-45EF-A2C1-F117F48DBD7A}.Debug|Any CPU.Build.0 = Debug|Any CPU
		{A06C9DA6-F7CB-45EF-A2C1-F117F48DBD7A}.Release|Any CPU.ActiveCfg = Release|Any CPU
		{A06C9DA6-F7CB-45EF-A2C1-F117F48DBD7A}.Release|Any CPU.Build.0 = Release|Any CPU
	EndGlobalSection
	GlobalSection(SolutionProperties) = preSolution
		HideSolutionNode = FALSE
	EndGlobalSection
EndGlobal
